<?xml version="1.0" encoding="UTF-8" standalone="yes" ?>
<CodeBlocks_project_file>
	<FileVersion major="1" minor="6" />
	<Project>
		<Option title="aula_05" />
		<Option pch_mode="2" />
		<Option compiler="gcc" />
		<Build>
			<Target title="Debug">
				<Option output="bin/Debug/aula_05" prefix_auto="1" extension_auto="1" />
				<Option object_output="obj/Debug/" />
				<Option type="1" />
				<Option compiler="gcc" />
				<Compiler>
					<Add option="-g" />
					<Add directory="include" />
				</Compiler>
			</Target>
			<Target title="Release">
				<Option output="bin/Release/aula_05" prefix_auto="1" extension_auto="1" />
				<Option object_output="obj/Release/" />
				<Option type="1" />
				<Option compiler="gcc" />
				<Compiler>
					<Add option="-O2" />
					<Add directory="include" />
				</Compiler>
				<Linker>
					<Add option="-s" />
				</Linker>
			</Target>
		</Build>
		<Compiler>
			<Add option="-Wall" />
			<Add option="-fexceptions" />
		</Compiler>
		<Unit filename="include/Aluno.hpp" />
		<Unit filename="include/Atleta.hpp" />
		<Unit filename="include/Banana.hpp" />
		<Unit filename="include/Competicao.hpp" />
		<Unit filename="include/Corredor.hpp" />
		<Unit filename="include/Data.hpp" />
		<Unit filename="include/Fruta.hpp" />
		<Unit filename="include/InformacoesAtleta.hpp" />
		<Unit filename="include/Melancia.hpp" />
		<Unit filename="include/Nadador.hpp" />
		<Unit filename="include/Pessoa.hpp" />
		<Unit filename="include/Programador.hpp" />
		<Unit filename="main.cpp" />
		<Unit filename="src/Aluno.cpp" />
		<Unit filename="src/Atleta.cpp" />
		<Unit filename="src/Banana.cpp" />
		<Unit filename="src/Competicao.cpp" />
		<Unit filename="src/Corredor.cpp" />
		<Unit filename="src/Data.cpp" />
		<Unit filename="src/Fruta.cpp" />
		<Unit filename="src/InformacoesAtleta.cpp" />
		<Unit filename="src/Melancia.cpp" />
		<Unit filename="src/Nadador.cpp" />
		<Unit filename="src/Pessoa.cpp" />
		<Unit filename="src/Programador.cpp" />
		<Extensions>
			<lib_finder disable_auto="1" />
		</Extensions>
	</Project>
</CodeBlocks_project_file>
